
Microsoft Visual Studio Solution File, Format Version 12.00
# Visual Studio Version 17
VisualStudioVersion = 17.6.33829.357
MinimumVisualStudioVersion = 10.0.40219.1
Project("{9A19103F-16F7-4668-BE54-9A1E7A4F7556}") = "Siagie.Matricula.Migracion.Api", "Siagie.Matricula.Migracion.Api\Siagie.Matricula.Migracion.Api.csproj", "{61D10A2F-2823-46C7-A61F-9CC8718B3AF6}"
EndProject
Project("{9A19103F-16F7-4668-BE54-9A1E7A4F7556}") = "Siagie.Matricula.Migracion.Dto", "Siagie.Matricula.Migracion.Dto\Siagie.Matricula.Migracion.Dto.csproj", "{C745A175-0D3F-4705-BA28-4D0ABFCE0832}"
EndProject
Project("{9A19103F-16F7-4668-BE54-9A1E7A4F7556}") = "Siagie.Matricula.Migracion.Worker", "Siagie.Matricula.Migracion.Worker\Siagie.Matricula.Migracion.Worker.csproj", "{4B6E4CE5-198D-483D-A90B-3E0D3316A717}"
EndProject
Global
	GlobalSection(SolutionConfigurationPlatforms) = preSolution
		Debug|Any CPU = Debug|Any CPU
		Release|Any CPU = Release|Any CPU
	EndGlobalSection
	GlobalSection(ProjectConfigurationPlatforms) = postSolution
		{61D10A2F-2823-46C7-A61F-9CC8718B3AF6}.Debug|Any CPU.ActiveCfg = Debug|Any CPU
		{61D10A2F-2823-46C7-A61F-9CC8718B3AF6}.Debug|Any CPU.Build.0 = Debug|Any CPU
		{61D10A2F-2823-46C7-A61F-9CC8718B3AF6}.Release|Any CPU.ActiveCfg = Release|Any CPU
		{61D10A2F-2823-46C7-A61F-9CC8718B3AF6}.Release|Any CPU.Build.0 = Release|Any CPU
		{C745A175-0D3F-4705-BA28-4D0ABFCE0832}.Debug|Any CPU.ActiveCfg = Debug|Any CPU
		{C745A175-0D3F-4705-BA28-4D0ABFCE0832}.Debug|Any CPU.Build.0 = Debug|Any CPU
		{C745A175-0D3F-4705-BA28-4D0ABFCE0832}.Release|Any CPU.ActiveCfg = Release|Any CPU
		{C745A175-0D3F-4705-BA28-4D0ABFCE0832}.Release|Any CPU.Build.0 = Release|Any CPU
		{4B6E4CE5-198D-483D-A90B-3E0D3316A717}.Debug|Any CPU.ActiveCfg = Debug|Any CPU
		{4B6E4CE5-198D-483D-A90B-3E0D3316A717}.Debug|Any CPU.Build.0 = Debug|Any CPU
		{4B6E4CE5-198D-483D-A90B-3E0D3316A717}.Release|Any CPU.ActiveCfg = Release|Any CPU
		{4B6E4CE5-198D-483D-A90B-3E0D3316A717}.Release|Any CPU.Build.0 = Release|Any CPU
	EndGlobalSection
	GlobalSection(SolutionProperties) = preSolution
		HideSolutionNode = FALSE
	EndGlobalSection
	GlobalSection(ExtensibilityGlobals) = postSolution
		SolutionGuid = {482B486F-8311-4786-8697-3F9FC4E6F31F}
	EndGlobalSection
EndGlobal
